
Microsoft Visual Studio Solution File, Format Version 12.00
# Visual Studio Version 16
VisualStudioVersion = 16.0.31702.278
MinimumVisualStudioVersion = 10.0.40219.1
Project("{FAE04EC0-301F-11D3-BF4B-00C04F79EFBC}") = "CMD-Game", "CMD-Game\CMD-Game.csproj", "{AAA97020-F67C-4A3F-AC4F-20FBC489B2A0}"
EndProject
Global
	GlobalSection(SolutionConfigurationPlatforms) = preSolution
		Debug|Any CPU = Debug|Any CPU
		Release|Any CPU = Release|Any CPU
	EndGlobalSection
	GlobalSection(ProjectConfigurationPlatforms) = postSolution
		{AAA97020-F67C-4A3F-AC4F-20FBC489B2A0}.Debug|Any CPU.ActiveCfg = Debug|Any CPU
		{AAA97020-F67C-4A3F-AC4F-20FBC489B2A0}.Debug|Any CPU.Build.0 = Debug|Any CPU
		{AAA97020-F67C-4A3F-AC4F-20FBC489B2A0}.Release|Any CPU.ActiveCfg = Release|Any CPU
		{AAA97020-F67C-4A3F-AC4F-20FBC489B2A0}.Release|Any CPU.Build.0 = Release|Any CPU
	EndGlobalSection
	GlobalSection(SolutionProperties) = preSolution
		HideSolutionNode = FALSE
	EndGlobalSection
	GlobalSection(ExtensibilityGlobals) = postSolution
		SolutionGuid = {60F023FA-AD4F-44E1-8CC9-3CB301EA37B9}
	EndGlobalSection
EndGlobal
